
Microsoft Visual Studio Solution File, Format Version 12.00
# Visual Studio 14
VisualStudioVersion = 14.0.25420.1
MinimumVisualStudioVersion = 10.0.40219.1
Project("{FAE04EC0-301F-11D3-BF4B-00C04F79EFBC}") = "TRANSFERRING_DATA", "TRANSFERRING_DATA\TRANSFERRING_DATA.csproj", "{8386BB77-772D-4760-8766-05D559191077}"
EndProject
Project("{FAE04EC0-301F-11D3-BF4B-00C04F79EFBC}") = "Model", "Model\Model.csproj", "{053F683F-3191-4C20-B1EE-441F8097A42E}"
EndProject
Global
	GlobalSection(SolutionConfigurationPlatforms) = preSolution
		Debug|Any CPU = Debug|Any CPU
		Release|Any CPU = Release|Any CPU
	EndGlobalSection
	GlobalSection(ProjectConfigurationPlatforms) = postSolution
		{8386BB77-772D-4760-8766-05D559191077}.Debug|Any CPU.ActiveCfg = Debug|Any CPU
		{8386BB77-772D-4760-8766-05D559191077}.Debug|Any CPU.Build.0 = Debug|Any CPU
		{8386BB77-772D-4760-8766-05D559191077}.Release|Any CPU.ActiveCfg = Release|Any CPU
		{8386BB77-772D-4760-8766-05D559191077}.Release|Any CPU.Build.0 = Release|Any CPU
		{053F683F-3191-4C20-B1EE-441F8097A42E}.Debug|Any CPU.ActiveCfg = Debug|Any CPU
		{053F683F-3191-4C20-B1EE-441F8097A42E}.Debug|Any CPU.Build.0 = Debug|Any CPU
		{053F683F-3191-4C20-B1EE-441F8097A42E}.Release|Any CPU.ActiveCfg = Release|Any CPU
		{053F683F-3191-4C20-B1EE-441F8097A42E}.Release|Any CPU.Build.0 = Release|Any CPU
	EndGlobalSection
	GlobalSection(SolutionProperties) = preSolution
		HideSolutionNode = FALSE
	EndGlobalSection
EndGlobal
